
Microsoft Visual Studio Solution File, Format Version 12.00
Project("{FAE04EC0-301F-11D3-BF4B-00C04F79EFBC}") = "Models", "Models\Models.csproj", "{D25F7BBF-8A20-4D81-A052-2E1C660C2287}"
EndProject
Project("{FAE04EC0-301F-11D3-BF4B-00C04F79EFBC}") = "WebApi", "WebApi\WebApi.csproj", "{56F12908-DB60-4AE3-9F77-1124851B9F8C}"
EndProject
Project("{FAE04EC0-301F-11D3-BF4B-00C04F79EFBC}") = "Database", "Database\Database.csproj", "{869776CB-ADBD-4998-9B58-223E0F0EB24A}"
EndProject
Project("{FAE04EC0-301F-11D3-BF4B-00C04F79EFBC}") = "Services", "Services\Services.csproj", "{E609D8C1-ED12-4CFF-9877-344AA24CA346}"
EndProject
Global
	GlobalSection(SolutionConfigurationPlatforms) = preSolution
		Debug|Any CPU = Debug|Any CPU
		Release|Any CPU = Release|Any CPU
	EndGlobalSection
	GlobalSection(ProjectConfigurationPlatforms) = postSolution
		{D25F7BBF-8A20-4D81-A052-2E1C660C2287}.Debug|Any CPU.ActiveCfg = Debug|Any CPU
		{D25F7BBF-8A20-4D81-A052-2E1C660C2287}.Debug|Any CPU.Build.0 = Debug|Any CPU
		{D25F7BBF-8A20-4D81-A052-2E1C660C2287}.Release|Any CPU.ActiveCfg = Release|Any CPU
		{D25F7BBF-8A20-4D81-A052-2E1C660C2287}.Release|Any CPU.Build.0 = Release|Any CPU
		{56F12908-DB60-4AE3-9F77-1124851B9F8C}.Debug|Any CPU.ActiveCfg = Debug|Any CPU
		{56F12908-DB60-4AE3-9F77-1124851B9F8C}.Debug|Any CPU.Build.0 = Debug|Any CPU
		{56F12908-DB60-4AE3-9F77-1124851B9F8C}.Release|Any CPU.ActiveCfg = Release|Any CPU
		{56F12908-DB60-4AE3-9F77-1124851B9F8C}.Release|Any CPU.Build.0 = Release|Any CPU
		{869776CB-ADBD-4998-9B58-223E0F0EB24A}.Debug|Any CPU.ActiveCfg = Debug|Any CPU
		{869776CB-ADBD-4998-9B58-223E0F0EB24A}.Debug|Any CPU.Build.0 = Debug|Any CPU
		{869776CB-ADBD-4998-9B58-223E0F0EB24A}.Release|Any CPU.ActiveCfg = Release|Any CPU
		{869776CB-ADBD-4998-9B58-223E0F0EB24A}.Release|Any CPU.Build.0 = Release|Any CPU
		{E609D8C1-ED12-4CFF-9877-344AA24CA346}.Debug|Any CPU.ActiveCfg = Debug|Any CPU
		{E609D8C1-ED12-4CFF-9877-344AA24CA346}.Debug|Any CPU.Build.0 = Debug|Any CPU
		{E609D8C1-ED12-4CFF-9877-344AA24CA346}.Release|Any CPU.ActiveCfg = Release|Any CPU
		{E609D8C1-ED12-4CFF-9877-344AA24CA346}.Release|Any CPU.Build.0 = Release|Any CPU
	EndGlobalSection
EndGlobal
